# This file is automatically @generated by Cargo.
# It is not intended for manual editing.
version = 3

[[package]]
name = "pellucid-auth"
version = "0.1.0"

[[package]]
name = "pellucid-cache"
version = "0.1.0"

[[package]]
name = "pellucid-codegen"
version = "0.1.0"

[[package]]
name = "pellucid-core"
version = "0.1.0"

[[package]]
name = "pellucid-correlation"
version = "0.1.0"

[[package]]
name = "pellucid-db"
version = "0.1.0"

[[package]]
name = "pellucid-edge-bin"
version = "0.1.0"

[[package]]
name = "pellucid-gateway"
version = "0.1.0"

[[package]]
name = "pellucid-handlers"
version = "0.1.0"

[[package]]
name = "pellucid-ml"
version = "0.1.0"

[[package]]
name = "pellucid-relay-bin"
version = "0.1.0"

[[package]]
name = "pellucid-seeders"
version = "0.1.0"

[[package]]
name = "pellucid-sidecar-bin"
version = "0.1.0"

[[package]]
name = "pellucid-streams"
version = "0.1.0"

[[package]]
name = "pellucid-tauri"
version = "0.1.0"

[[package]]
name = "pellucid-workers"
version = "0.1.0"
